
Microsoft Visual Studio Solution File, Format Version 12.00
# Visual Studio Version 16
VisualStudioVersion = 16.0.30907.101
MinimumVisualStudioVersion = 10.0.40219.1
Project("{FAE04EC0-301F-11D3-BF4B-00C04F79EFBC}") = "Tetris", "Tetris\Tetris.csproj", "{0CEB5DFC-53E3-451E-8DB7-4BE8CA42C3A9}"
EndProject
Global
	GlobalSection(SolutionConfigurationPlatforms) = preSolution
		Debug|Any CPU = Debug|Any CPU
		Release|Any CPU = Release|Any CPU
	EndGlobalSection
	GlobalSection(ProjectConfigurationPlatforms) = postSolution
		{0CEB5DFC-53E3-451E-8DB7-4BE8CA42C3A9}.Debug|Any CPU.ActiveCfg = Debug|Any CPU
		{0CEB5DFC-53E3-451E-8DB7-4BE8CA42C3A9}.Debug|Any CPU.Build.0 = Debug|Any CPU
		{0CEB5DFC-53E3-451E-8DB7-4BE8CA42C3A9}.Release|Any CPU.ActiveCfg = Release|Any CPU
		{0CEB5DFC-53E3-451E-8DB7-4BE8CA42C3A9}.Release|Any CPU.Build.0 = Release|Any CPU
	EndGlobalSection
	GlobalSection(SolutionProperties) = preSolution
		HideSolutionNode = FALSE
	EndGlobalSection
	GlobalSection(ExtensibilityGlobals) = postSolution
		SolutionGuid = {8494356B-A89F-42F4-812C-C3AF7F22E538}
	EndGlobalSection
EndGlobal
